
Microsoft Visual Studio Solution File, Format Version 12.00
# Visual Studio 2013
VisualStudioVersion = 12.0.31101.0
MinimumVisualStudioVersion = 10.0.40219.1
Project("{FAE04EC0-301F-11D3-BF4B-00C04F79EFBC}") = "task10_angularjs", "task10_angularjs\task10_angularjs.csproj", "{ECBA916C-75F0-435D-82DD-DCE705296072}"
EndProject
Global
	GlobalSection(SolutionConfigurationPlatforms) = preSolution
		Debug|Any CPU = Debug|Any CPU
		Release|Any CPU = Release|Any CPU
	EndGlobalSection
	GlobalSection(ProjectConfigurationPlatforms) = postSolution
		{ECBA916C-75F0-435D-82DD-DCE705296072}.Debug|Any CPU.ActiveCfg = Debug|Any CPU
		{ECBA916C-75F0-435D-82DD-DCE705296072}.Debug|Any CPU.Build.0 = Debug|Any CPU
		{ECBA916C-75F0-435D-82DD-DCE705296072}.Release|Any CPU.ActiveCfg = Release|Any CPU
		{ECBA916C-75F0-435D-82DD-DCE705296072}.Release|Any CPU.Build.0 = Release|Any CPU
	EndGlobalSection
	GlobalSection(SolutionProperties) = preSolution
		HideSolutionNode = FALSE
	EndGlobalSection
EndGlobal
